
Microsoft Visual Studio Solution File, Format Version 12.00
# Visual Studio 15
VisualStudioVersion = 15.0.26730.8
MinimumVisualStudioVersion = 10.0.40219.1
Project("{8BC9CEB8-8B4A-11D0-8D11-00A0C91BC942}") = "带最小值操作的栈", "带最小值操作的栈\带最小值操作的栈.vcxproj", "{033DA699-0EC8-40A7-AEFE-072545C7DD3E}"
EndProject
Global
	GlobalSection(SolutionConfigurationPlatforms) = preSolution
		Debug|x64 = Debug|x64
		Debug|x86 = Debug|x86
		Release|x64 = Release|x64
		Release|x86 = Release|x86
	EndGlobalSection
	GlobalSection(ProjectConfigurationPlatforms) = postSolution
		{033DA699-0EC8-40A7-AEFE-072545C7DD3E}.Debug|x64.ActiveCfg = Debug|x64
		{033DA699-0EC8-40A7-AEFE-072545C7DD3E}.Debug|x64.Build.0 = Debug|x64
		{033DA699-0EC8-40A7-AEFE-072545C7DD3E}.Debug|x86.ActiveCfg = Debug|Win32
		{033DA699-0EC8-40A7-AEFE-072545C7DD3E}.Debug|x86.Build.0 = Debug|Win32
		{033DA699-0EC8-40A7-AEFE-072545C7DD3E}.Release|x64.ActiveCfg = Release|x64
		{033DA699-0EC8-40A7-AEFE-072545C7DD3E}.Release|x64.Build.0 = Release|x64
		{033DA699-0EC8-40A7-AEFE-072545C7DD3E}.Release|x86.ActiveCfg = Release|Win32
		{033DA699-0EC8-40A7-AEFE-072545C7DD3E}.Release|x86.Build.0 = Release|Win32
	EndGlobalSection
	GlobalSection(SolutionProperties) = preSolution
		HideSolutionNode = FALSE
	EndGlobalSection
	GlobalSection(ExtensibilityGlobals) = postSolution
		SolutionGuid = {4AA41FDE-1496-42DD-8C18-F8A605DB31B5}
	EndGlobalSection
EndGlobal
